
Microsoft Visual Studio Solution File, Format Version 12.00
Project("{FAE04EC0-301F-11D3-BF4B-00C04F79EFBC}") = "NostrSharp", "NostrSharp\NostrSharp.csproj", "{550E1B7A-0545-4965-B8A8-65378E6F79B7}"
EndProject
Project("{FAE04EC0-301F-11D3-BF4B-00C04F79EFBC}") = "NostrLib", "NostrLib\NostrLib.csproj", "{5BD04C00-28BB-46A4-91F5-AA277A6CEB39}"
EndProject
Project("{FAE04EC0-301F-11D3-BF4B-00C04F79EFBC}") = "ConsoleTester", "ConsoleTester\ConsoleTester.csproj", "{BDBED697-08AD-41B1-9AC5-33D392C4C8BC}"
EndProject
Global
	GlobalSection(SolutionConfigurationPlatforms) = preSolution
		Debug|Any CPU = Debug|Any CPU
		Release|Any CPU = Release|Any CPU
	EndGlobalSection
	GlobalSection(ProjectConfigurationPlatforms) = postSolution
		{550E1B7A-0545-4965-B8A8-65378E6F79B7}.Debug|Any CPU.ActiveCfg = Debug|Any CPU
		{550E1B7A-0545-4965-B8A8-65378E6F79B7}.Debug|Any CPU.Build.0 = Debug|Any CPU
		{550E1B7A-0545-4965-B8A8-65378E6F79B7}.Release|Any CPU.ActiveCfg = Release|Any CPU
		{550E1B7A-0545-4965-B8A8-65378E6F79B7}.Release|Any CPU.Build.0 = Release|Any CPU
		{5BD04C00-28BB-46A4-91F5-AA277A6CEB39}.Debug|Any CPU.ActiveCfg = Debug|Any CPU
		{5BD04C00-28BB-46A4-91F5-AA277A6CEB39}.Debug|Any CPU.Build.0 = Debug|Any CPU
		{5BD04C00-28BB-46A4-91F5-AA277A6CEB39}.Release|Any CPU.ActiveCfg = Release|Any CPU
		{5BD04C00-28BB-46A4-91F5-AA277A6CEB39}.Release|Any CPU.Build.0 = Release|Any CPU
		{BDBED697-08AD-41B1-9AC5-33D392C4C8BC}.Debug|Any CPU.ActiveCfg = Debug|Any CPU
		{BDBED697-08AD-41B1-9AC5-33D392C4C8BC}.Debug|Any CPU.Build.0 = Debug|Any CPU
		{BDBED697-08AD-41B1-9AC5-33D392C4C8BC}.Release|Any CPU.ActiveCfg = Release|Any CPU
		{BDBED697-08AD-41B1-9AC5-33D392C4C8BC}.Release|Any CPU.Build.0 = Release|Any CPU
	EndGlobalSection
EndGlobal
